
Microsoft Visual Studio Solution File, Format Version 12.00
# Visual Studio Version 17
VisualStudioVersion = 17.8.34511.84
MinimumVisualStudioVersion = 10.0.40219.1
Project("{9A19103F-16F7-4668-BE54-9A1E7A4F7556}") = "KpblcNCadCfgIni", "KpblcNCadCfgIni\KpblcNCadCfgIni.csproj", "{D03187B0-7EA2-414D-B0D0-EBD9D7FC0987}"
EndProject
Project("{2150E333-8FDC-42A3-9474-1A3956D46DE8}") = "Tests", "Tests", "{155A5E3C-E976-4DC0-A679-6607F8BB9BED}"
EndProject
Project("{FAE04EC0-301F-11D3-BF4B-00C04F79EFBC}") = "AutoloadCommands", "Tests\AutoloadCommands\AutoloadCommands.csproj", "{BC8806B9-EB58-473F-8DB7-C373ABC22E28}"
EndProject
Project("{FAE04EC0-301F-11D3-BF4B-00C04F79EFBC}") = "CfgIniNUnitTest", "Tests\CfgIniNUnitTest\CfgIniNUnitTest.csproj", "{D2A3BB24-2023-4889-8B1A-DB40025E5B87}"
EndProject
Global
	GlobalSection(SolutionConfigurationPlatforms) = preSolution
		Debug|Any CPU = Debug|Any CPU
		Release|Any CPU = Release|Any CPU
	EndGlobalSection
	GlobalSection(ProjectConfigurationPlatforms) = postSolution
		{D03187B0-7EA2-414D-B0D0-EBD9D7FC0987}.Debug|Any CPU.ActiveCfg = Debug|Any CPU
		{D03187B0-7EA2-414D-B0D0-EBD9D7FC0987}.Debug|Any CPU.Build.0 = Debug|Any CPU
		{D03187B0-7EA2-414D-B0D0-EBD9D7FC0987}.Release|Any CPU.ActiveCfg = Release|Any CPU
		{D03187B0-7EA2-414D-B0D0-EBD9D7FC0987}.Release|Any CPU.Build.0 = Release|Any CPU
		{BC8806B9-EB58-473F-8DB7-C373ABC22E28}.Debug|Any CPU.ActiveCfg = Debug|Any CPU
		{BC8806B9-EB58-473F-8DB7-C373ABC22E28}.Debug|Any CPU.Build.0 = Debug|Any CPU
		{BC8806B9-EB58-473F-8DB7-C373ABC22E28}.Release|Any CPU.ActiveCfg = Release|Any CPU
		{BC8806B9-EB58-473F-8DB7-C373ABC22E28}.Release|Any CPU.Build.0 = Release|Any CPU
		{D2A3BB24-2023-4889-8B1A-DB40025E5B87}.Debug|Any CPU.ActiveCfg = Debug|Any CPU
		{D2A3BB24-2023-4889-8B1A-DB40025E5B87}.Debug|Any CPU.Build.0 = Debug|Any CPU
		{D2A3BB24-2023-4889-8B1A-DB40025E5B87}.Release|Any CPU.ActiveCfg = Release|Any CPU
		{D2A3BB24-2023-4889-8B1A-DB40025E5B87}.Release|Any CPU.Build.0 = Release|Any CPU
	EndGlobalSection
	GlobalSection(SolutionProperties) = preSolution
		HideSolutionNode = FALSE
	EndGlobalSection
	GlobalSection(NestedProjects) = preSolution
		{BC8806B9-EB58-473F-8DB7-C373ABC22E28} = {155A5E3C-E976-4DC0-A679-6607F8BB9BED}
		{D2A3BB24-2023-4889-8B1A-DB40025E5B87} = {155A5E3C-E976-4DC0-A679-6607F8BB9BED}
	EndGlobalSection
	GlobalSection(ExtensibilityGlobals) = postSolution
		SolutionGuid = {750F5560-05F8-458E-94D5-999C11A503C4}
	EndGlobalSection
EndGlobal
